# Generated by pub
# See https://dart.dev/tools/pub/glossary#lockfile
packages:
  another_xlider:
    dependency: "direct main"
    description:
      name: another_xlider
      sha256: "1446d10af1aefd8fe527e62054214967684773c0c2bb3dd2a8d506983a1d2279"
      url: "https://pub.dev"
    source: hosted
    version: "1.1.2"
  args:
    dependency: transitive
    description:
      name: args
      sha256: d0481093c50b1da8910eb0bb301626d4d8eb7284aa739614d2b394ee09e3ea04
      url: "https://pub.dev"
    source: hosted
    version: "2.7.0"
  async:
    dependency: transitive
    description:
      name: async
      sha256: e2eb0491ba5ddb6177742d2da23904574082139b07c1e33b8503b9f46f3e1a37
      url: "https://pub.dev"
    source: hosted
    version: "2.13.1"
  boolean_selector:
    dependency: transitive
    description:
      name: boolean_selector
      sha256: "8aab1771e1243a5063b8b0ff68042d67334e3feab9e95b9490f9a6ebf73b42ea"
      url: "https://pub.dev"
    source: hosted
    version: "2.1.2"
  characters:
    dependency: transitive
    description:
      name: characters
      sha256: faf38497bda5ead2a8c7615f4f7939df04333478bf32e4173fcb06d428b5716b
      url: "https://pub.dev"
    source: hosted
    version: "1.4.1"
  clipboard:
    dependency: "direct main"
    description:
      name: clipboard
      sha256: "2ec38f0e59878008ceca0ab122e4bfde98847f88ef0f83331362ba4521f565a9"
      url: "https://pub.dev"
    source: hosted
    version: "0.1.3"
  clock:
    dependency: transitive
    description:
      name: clock
      sha256: e51d50bca3217c9a9fa2b41a30e4a38971133f5f9ec7a3d57bae095007f1d28e
      url: "https://pub.dev"
    source: hosted
    version: "1.1.3"
  collection:
    dependency: transitive
    description:
      name: collection
      sha256: "2f5709ae4d3d59dd8f7cd309b4e023046b57d8a6c82130785d2b0e5868084e76"
      url: "https://pub.dev"
    source: hosted
    version: "1.19.1"
  cross_file:
    dependency: transitive
    description:
      name: cross_file
      sha256: f141ea4f277af142a0356955707f6556f37b03947d39d55585981a06ca437bd6
      url: "https://pub.dev"
    source: hosted
    version: "0.3.5+5"
  cupertino_icons:
    dependency: "direct main"
    description:
      name: cupertino_icons
      sha256: "41e005c33bd814be4d3096aff55b1908d419fde52ca656c8c47719ec745873cd"
      url: "https://pub.dev"
    source: hosted
    version: "1.0.9"
  dbus:
    dependency: transitive
    description:
      name: dbus
      sha256: a48d5da28e89bd02196e80d81ed8d7954923d00a0f4a68cc20b575038f023383
      url: "https://pub.dev"
    source: hosted
    version: "0.7.15"
  event:
    dependency: "direct main"
    description:
      name: event
      sha256: eb4814de94cbf6a10da9c4f652bc654087d7066e33566b5036822e6c0b24befb
      url: "https://pub.dev"
    source: hosted
    version: "2.1.2"
  fake_async:
    dependency: transitive
    description:
      name: fake_async
      sha256: "5368f224a74523e8d2e7399ea1638b37aecfca824a3cc4dfdf77bf1fa905ac44"
      url: "https://pub.dev"
    source: hosted
    version: "1.3.3"
  ffi:
    dependency: transitive
    description:
      name: ffi
      sha256: "6d7fd89431262d8f3125e81b50d3847a091d846eafcd4fdb88dd06f36d705a45"
      url: "https://pub.dev"
    source: hosted
    version: "2.2.0"
  file_picker:
    dependency: "direct main"
    description:
      name: file_picker
      sha256: "57d9a1dd5063f85fa3107fb42d1faffda52fdc948cefd5fe5ea85267a5fc7343"
      url: "https://pub.dev"
    source: hosted
    version: "10.3.10"
  file_selector_linux:
    dependency: transitive
    description:
      name: file_selector_linux
      sha256: da76400e7872ce7637ffdce12749ec24169c25f6195c28372208e65a24bcd2ab
      url: "https://pub.dev"
    source: hosted
    version: "0.9.4+1"
  file_selector_macos:
    dependency: transitive
    description:
      name: file_selector_macos
      sha256: d57c62362766b5e7ae739448650b66c6aab7a68ba7ecc65e04018652645ae0f4
      url: "https://pub.dev"
    source: hosted
    version: "0.9.5+1"
  file_selector_platform_interface:
    dependency: transitive
    description:
      name: file_selector_platform_interface
      sha256: "35e0bd61ebcdb91a3505813b055b09b79dfdc7d0aee9c09a7ba59ae4bb13dc85"
      url: "https://pub.dev"
    source: hosted
    version: "2.7.0"
  file_selector_windows:
    dependency: transitive
    description:
      name: file_selector_windows
      sha256: fbefc5fb92c6d3cbe8d284a2cd971b593bb07d2cd6da8557b81a862250b4acec
      url: "https://pub.dev"
    source: hosted
    version: "0.9.3+6"
  filesystem_picker:
    dependency: "direct main"
    description:
      name: filesystem_picker
      sha256: cc2bfe7e5a4ce21afd5b1b03824c0e6e5386a981ed6cce7bda062b1af805cf62
      url: "https://pub.dev"
    source: hosted
    version: "4.1.0"
  flutter:
    dependency: "direct main"
    description: flutter
    source: sdk
    version: "0.0.0"
  flutter_inappwebview:
    dependency: "direct main"
    description:
      name: flutter_inappwebview
      sha256: "80092d13d3e29b6227e25b67973c67c7210bd5e35c4b747ca908e31eb71a46d5"
      url: "https://pub.dev"
    source: hosted
    version: "6.1.5"
  flutter_inappwebview_android:
    dependency: transitive
    description:
      name: flutter_inappwebview_android
      sha256: "62557c15a5c2db5d195cb3892aab74fcaec266d7b86d59a6f0027abd672cddba"
      url: "https://pub.dev"
    source: hosted
    version: "1.1.3"
  flutter_inappwebview_internal_annotations:
    dependency: transitive
    description:
      name: flutter_inappwebview_internal_annotations
      sha256: e30fba942e3debea7b7e6cdd4f0f59ce89dd403a9865193e3221293b6d1544c6
      url: "https://pub.dev"
    source: hosted
    version: "1.3.0"
  flutter_inappwebview_ios:
    dependency: transitive
    description:
      name: flutter_inappwebview_ios
      sha256: "5818cf9b26cf0cbb0f62ff50772217d41ea8d3d9cc00279c45f8aabaa1b4025d"
      url: "https://pub.dev"
    source: hosted
    version: "1.1.2"
  flutter_inappwebview_macos:
    dependency: transitive
    description:
      name: flutter_inappwebview_macos
      sha256: c1fbb86af1a3738e3541364d7d1866315ffb0468a1a77e34198c9be571287da1
      url: "https://pub.dev"
    source: hosted
    version: "1.1.2"
  flutter_inappwebview_platform_interface:
    dependency: transitive
    description:
      name: flutter_inappwebview_platform_interface
      sha256: cf5323e194096b6ede7a1ca808c3e0a078e4b33cc3f6338977d75b4024ba2500
      url: "https://pub.dev"
    source: hosted
    version: "1.3.0+1"
  flutter_inappwebview_web:
    dependency: transitive
    description:
      name: flutter_inappwebview_web
      sha256: "55f89c83b0a0d3b7893306b3bb545ba4770a4df018204917148ebb42dc14a598"
      url: "https://pub.dev"
    source: hosted
    version: "1.1.2"
  flutter_inappwebview_windows:
    dependency: transitive
    description:
      name: flutter_inappwebview_windows
      sha256: "8b4d3a46078a2cdc636c4a3d10d10f2a16882f6be607962dbfff8874d1642055"
      url: "https://pub.dev"
    source: hosted
    version: "0.6.0"
  flutter_lints:
    dependency: "direct dev"
    description:
      name: flutter_lints
      sha256: b543301ad291598523947dc534aaddc5aaad597b709d2426d3a0e0d44c5cb493
      url: "https://pub.dev"
    source: hosted
    version: "1.0.4"
  flutter_plugin_android_lifecycle:
    dependency: transitive
    description:
      name: flutter_plugin_android_lifecycle
      sha256: "3854fe5e3bff0b113c658f260b90c95dea17c92db0f2addeac2e343dd9969785"
      url: "https://pub.dev"
    source: hosted
    version: "2.0.35"
  flutter_styled_toast:
    dependency: "direct main"
    description:
      name: flutter_styled_toast
      sha256: "94aa40eb706ad0d03483e2255901902d3584aa5abc8659295cc1040d2c153e0a"
      url: "https://pub.dev"
    source: hosted
    version: "2.3.0"
  flutter_svg:
    dependency: "direct main"
    description:
      name: flutter_svg
      sha256: "6ff9fa12892ae074092de2fa6a9938fb21dbabfdaa2ff57dc697ff912fc8d4b2"
      url: "https://pub.dev"
    source: hosted
    version: "1.1.6"
  flutter_test:
    dependency: "direct dev"
    description: flutter
    source: sdk
    version: "0.0.0"
  flutter_web_plugins:
    dependency: transitive
    description: flutter
    source: sdk
    version: "0.0.0"
  http:
    dependency: transitive
    description:
      name: http
      sha256: "87721a4a50b19c7f1d49001e51409bddc46303966ce89a65af4f4e6004896412"
      url: "https://pub.dev"
    source: hosted
    version: "1.6.0"
  http_parser:
    dependency: transitive
    description:
      name: http_parser
      sha256: "178d74305e7866013777bab2c3d8726205dc5a4dd935297175b19a23a2e66571"
      url: "https://pub.dev"
    source: hosted
    version: "4.1.2"
  image_picker:
    dependency: "direct main"
    description:
      name: image_picker
      sha256: d8402284df184bc05f4a2210c6c23983b0720f4cd87cbd05c5390a78af602667
      url: "https://pub.dev"
    source: hosted
    version: "1.2.3"
  image_picker_android:
    dependency: transitive
    description:
      name: image_picker_android
      sha256: "0a55d645a670d6ae11efa948f955ae904afa472f1344fc15a7ddacc20c1e7219"
      url: "https://pub.dev"
    source: hosted
    version: "0.8.13+23"
  image_picker_for_web:
    dependency: transitive
    description:
      name: image_picker_for_web
      sha256: "66257a3191ab360d23a55c8241c91a6e329d31e94efa7be9cf7a212e65850214"
      url: "https://pub.dev"
    source: hosted
    version: "3.1.1"
  image_picker_ios:
    dependency: transitive
    description:
      name: image_picker_ios
      sha256: "852a7762962f3bb3ad54ef1d342669e41557f466033a676baa8876b367cf4050"
      url: "https://pub.dev"
    source: hosted
    version: "0.8.13+8"
  image_picker_linux:
    dependency: transitive
    description:
      name: image_picker_linux
      sha256: "1f81c5f2046b9ab724f85523e4af65be1d47b038160a8c8deed909762c308ed4"
      url: "https://pub.dev"
    source: hosted
    version: "0.2.2"
  image_picker_macos:
    dependency: transitive
    description:
      name: image_picker_macos
      sha256: "86f0f15a309de7e1a552c12df9ce5b59fe927e71385329355aec4776c6a8ec91"
      url: "https://pub.dev"
    source: hosted
    version: "0.2.2+1"
  image_picker_platform_interface:
    dependency: transitive
    description:
      name: image_picker_platform_interface
      sha256: "567e056716333a1647c64bb6bd873cff7622233a5c3f694be28a583d4715690c"
      url: "https://pub.dev"
    source: hosted
    version: "2.11.1"
  image_picker_windows:
    dependency: transitive
    description:
      name: image_picker_windows
      sha256: d248c86554a72b5495a31c56f060cf73a41c7ff541689327b1a7dbccc33adfae
      url: "https://pub.dev"
    source: hosted
    version: "0.2.2"
  leak_tracker:
    dependency: transitive
    description:
      name: leak_tracker
      sha256: "33e2e26bdd85a0112ec15400c8cbffea70d0f9c3407491f672a2fad47915e2de"
      url: "https://pub.dev"
    source: hosted
    version: "11.0.2"
  leak_tracker_flutter_testing:
    dependency: transitive
    description:
      name: leak_tracker_flutter_testing
      sha256: "1dbc140bb5a23c75ea9c4811222756104fbcd1a27173f0c34ca01e16bea473c1"
      url: "https://pub.dev"
    source: hosted
    version: "3.0.10"
  leak_tracker_testing:
    dependency: transitive
    description:
      name: leak_tracker_testing
      sha256: "8d5a2d49f4a66b49744b23b018848400d23e54caf9463f4eb20df3eb8acb2eb1"
      url: "https://pub.dev"
    source: hosted
    version: "3.0.2"
  lints:
    dependency: transitive
    description:
      name: lints
      sha256: a2c3d198cb5ea2e179926622d433331d8b58374ab8f29cdda6e863bd62fd369c
      url: "https://pub.dev"
    source: hosted
    version: "1.0.1"
  matcher:
    dependency: transitive
    description:
      name: matcher
      sha256: "31bd099b47c10cd1aeb55146a2d46ce0277630ecef3f7dae54ad7873f36696cd"
      url: "https://pub.dev"
    source: hosted
    version: "0.12.20"
  material_color_utilities:
    dependency: transitive
    description:
      name: material_color_utilities
      sha256: "9c337007e82b1889149c82ed242ed1cb24a66044e30979c44912381e9be4c48b"
      url: "https://pub.dev"
    source: hosted
    version: "0.13.0"
  meta:
    dependency: transitive
    description:
      name: meta
      sha256: "307249ce4ff29d58a18e97f6345f539382eb9c9c29ecda628900f31de0443dd9"
      url: "https://pub.dev"
    source: hosted
    version: "1.19.0"
  mime:
    dependency: transitive
    description:
      name: mime
      sha256: bd47de35f07e27267e69c8c8b22edf9473bfee170a60d60fcc93730c5144b7f6
      url: "https://pub.dev"
    source: hosted
    version: "2.1.0"
  modal_bottom_sheet:
    dependency: "direct main"
    description:
      name: modal_bottom_sheet
      sha256: eac66ef8cb0461bf069a38c5eb0fa728cee525a531a8304bd3f7b2185407c67e
      url: "https://pub.dev"
    source: hosted
    version: "3.0.0"
  path:
    dependency: transitive
    description:
      name: path
      sha256: "75cca69d1490965be98c73ceaea117e8a04dd21217b37b292c9ddbec0d955bc5"
      url: "https://pub.dev"
    source: hosted
    version: "1.9.1"
  path_drawing:
    dependency: transitive
    description:
      name: path_drawing
      sha256: bbb1934c0cbb03091af082a6389ca2080345291ef07a5fa6d6e078ba8682f977
      url: "https://pub.dev"
    source: hosted
    version: "1.0.1"
  path_parsing:
    dependency: transitive
    description:
      name: path_parsing
      sha256: "883402936929eac138ee0a45da5b0f2c80f89913e6dc3bf77eb65b84b409c6ca"
      url: "https://pub.dev"
    source: hosted
    version: "1.1.0"
  permission_handler:
    dependency: "direct main"
    description:
      name: permission_handler
      sha256: fe54465bcc62a4564c6e4db337bbaded6c0c0fa6e10487414436d163114784f6
      url: "https://pub.dev"
    source: hosted
    version: "12.0.3"
  permission_handler_android:
    dependency: transitive
    description:
      name: permission_handler_android
      sha256: "1e3bc410ca1bf84662104b100eb126e066cb55791b7451307f9708d4007350e6"
      url: "https://pub.dev"
    source: hosted
    version: "13.0.1"
  permission_handler_apple:
    dependency: transitive
    description:
      name: permission_handler_apple
      sha256: f49cb15a064ea9d974fc7fbb302099353b7b170d07284e86e264561579e5bcf8
      url: "https://pub.dev"
    source: hosted
    version: "9.6.1"
  permission_handler_html:
    dependency: transitive
    description:
      name: permission_handler_html
      sha256: "6ea98b3f17f60d3b527f2647ed2ab4dc0f6bfe25b22cb1c363f5d8f62252f6ac"
      url: "https://pub.dev"
    source: hosted
    version: "0.1.4+1"
  permission_handler_platform_interface:
    dependency: transitive
    description:
      name: permission_handler_platform_interface
      sha256: ed86a61c190258fdd65de395ea0632822e3415c1faec38eae0c31b479c28a531
      url: "https://pub.dev"
    source: hosted
    version: "4.4.1"
  permission_handler_windows:
    dependency: transitive
    description:
      name: permission_handler_windows
      sha256: caeae01858a0a7d2df67a445ac98e1ad95e55a0e77c73044f4e9b1c8c2289cbd
      url: "https://pub.dev"
    source: hosted
    version: "0.2.2"
  petitparser:
    dependency: transitive
    description:
      name: petitparser
      sha256: "91bd59303e9f769f108f8df05e371341b15d59e995e6806aefab827b58336675"
      url: "https://pub.dev"
    source: hosted
    version: "7.0.2"
  photo_view:
    dependency: "direct main"
    description:
      name: photo_view
      sha256: "8036802a00bae2a78fc197af8a158e3e2f7b500561ed23b4c458107685e645bb"
      url: "https://pub.dev"
    source: hosted
    version: "0.14.0"
  plugin_platform_interface:
    dependency: transitive
    description:
      name: plugin_platform_interface
      sha256: "4820fbfdb9478b1ebae27888254d445073732dae3d6ea81f0b7e06d5dedc3f02"
      url: "https://pub.dev"
    source: hosted
    version: "2.1.8"
  screen_retriever:
    dependency: transitive
    description:
      name: screen_retriever
      sha256: "6ee02c8a1158e6dae7ca430da79436e3b1c9563c8cf02f524af997c201ac2b90"
      url: "https://pub.dev"
    source: hosted
    version: "0.1.9"
  scrollable_positioned_list:
    dependency: "direct main"
    description:
      name: scrollable_positioned_list
      sha256: "9566352ab9ba05794ee6c8864f154afba5d36c5637d0e3e32c615ba4ceb92772"
      url: "https://pub.dev"
    source: hosted
    version: "0.2.3"
  sky_engine:
    dependency: transitive
    description: flutter
    source: sdk
    version: "0.0.0"
  source_span:
    dependency: transitive
    description:
      name: source_span
      sha256: "56a02f1f4cd1a2d96303c0144c93bd6d909eea6bee6bf5a0e0b685edbd4c47ab"
      url: "https://pub.dev"
    source: hosted
    version: "1.10.2"
  stack_trace:
    dependency: transitive
    description:
      name: stack_trace
      sha256: "277654b3034d17ac6f9f1cb5595db011b1d5d41e8806866db28e0abaa101c490"
      url: "https://pub.dev"
    source: hosted
    version: "1.12.2"
  stream_channel:
    dependency: transitive
    description:
      name: stream_channel
      sha256: "969e04c80b8bcdf826f8f16579c7b14d780458bd97f56d107d3950fdbeef059d"
      url: "https://pub.dev"
    source: hosted
    version: "2.1.4"
  string_scanner:
    dependency: transitive
    description:
      name: string_scanner
      sha256: "921cd31725b72fe181906c6a94d987c78e3b98c2e205b397ea399d4054872b43"
      url: "https://pub.dev"
    source: hosted
    version: "1.4.1"
  term_glyph:
    dependency: transitive
    description:
      name: term_glyph
      sha256: "7f554798625ea768a7518313e58f83891c7f5024f88e46e7182a4558850a4b8e"
      url: "https://pub.dev"
    source: hosted
    version: "1.2.2"
  test_api:
    dependency: transitive
    description:
      name: test_api
      sha256: "2a122cbe059f8b610d3a5415f42e255b6c17b1f21eee1d960f31080237fb4f11"
      url: "https://pub.dev"
    source: hosted
    version: "0.7.12"
  typed_data:
    dependency: transitive
    description:
      name: typed_data
      sha256: f9049c039ebfeb4cf7a7104a675823cd72dba8297f264b6637062516699fa006
      url: "https://pub.dev"
    source: hosted
    version: "1.4.0"
  url_launcher:
    dependency: "direct main"
    description:
      name: url_launcher
      sha256: f6a7e5c4835bb4e3026a04793a4199ca2d14c739ec378fdfe23fc8075d0439f8
      url: "https://pub.dev"
    source: hosted
    version: "6.3.2"
  url_launcher_android:
    dependency: transitive
    description:
      name: url_launcher_android
      sha256: "611e87fb320b70d1dd721dc46af89c98aceccea9b31fde49e084591414e0c610"
      url: "https://pub.dev"
    source: hosted
    version: "6.3.33"
  url_launcher_ios:
    dependency: transitive
    description:
      name: url_launcher_ios
      sha256: "8faa1aab294f1ab4040b43660c887b0418d5fa4f0cffef76a484e6aa1092eb4a"
      url: "https://pub.dev"
    source: hosted
    version: "6.4.2"
  url_launcher_linux:
    dependency: transitive
    description:
      name: url_launcher_linux
      sha256: "10f86fef4c2c43563fa6c211ff9cf757adf4d3ab762c56bd430664a947d70cd0"
      url: "https://pub.dev"
    source: hosted
    version: "3.2.3"
  url_launcher_macos:
    dependency: transitive
    description:
      name: url_launcher_macos
      sha256: "5e835a3b869c2d70325349c81c5a45c28e20791265b67b2669da6b08c5cd5201"
      url: "https://pub.dev"
    source: hosted
    version: "3.2.6"
  url_launcher_platform_interface:
    dependency: transitive
    description:
      name: url_launcher_platform_interface
      sha256: "552f8a1e663569be95a8190206a38187b531910283c3e982193e4f2733f01029"
      url: "https://pub.dev"
    source: hosted
    version: "2.3.2"
  url_launcher_web:
    dependency: transitive
    description:
      name: url_launcher_web
      sha256: "85c81589622fbc87c1c683aaea164d3604a7777495a79d91e39ffcdec39ddb34"
      url: "https://pub.dev"
    source: hosted
    version: "2.4.3"
  url_launcher_windows:
    dependency: transitive
    description:
      name: url_launcher_windows
      sha256: "6c5ad3f22cd4c38e089b81963b3cd7bb83b111b2df5dce008bb066162f42e429"
      url: "https://pub.dev"
    source: hosted
    version: "3.1.6"
  vector_math:
    dependency: transitive
    description:
      name: vector_math
      sha256: "92b9910f66ed1057fd4da7b040ae7c74cafacf885bdc81be496928d5049b032d"
      url: "https://pub.dev"
    source: hosted
    version: "2.4.3"
  vm_service:
    dependency: transitive
    description:
      name: vm_service
      sha256: "5f37239c4851efcef929cea7824e76df7f2f0970aef85d66bbc430afa40e72f0"
      url: "https://pub.dev"
    source: hosted
    version: "15.3.0"
  web:
    dependency: transitive
    description:
      name: web
      sha256: "868d88a33d8a87b18ffc05f9f030ba328ffefba92d6c127917a2ba740f9cfe4a"
      url: "https://pub.dev"
    source: hosted
    version: "1.1.1"
  win32:
    dependency: transitive
    description:
      name: win32
      sha256: d7cb55e04cd34096cd3a79b3330245f54cb96a370a1c27adb3c84b917de8b08e
      url: "https://pub.dev"
    source: hosted
    version: "5.15.0"
  window_manager:
    dependency: "direct main"
    description:
      name: window_manager
      sha256: "8699323b30da4cdbe2aa2e7c9de567a6abd8a97d9a5c850a3c86dcd0b34bbfbf"
      url: "https://pub.dev"
    source: hosted
    version: "0.3.9"
  xml:
    dependency: transitive
    description:
      name: xml
      sha256: "971043b3a0d3da28727e40ed3e0b5d18b742fa5a68665cca88e74b7876d5e025"
      url: "https://pub.dev"
    source: hosted
    version: "6.6.1"
  yaml:
    dependency: transitive
    description:
      name: yaml
      sha256: f67cdd8e07d3c6329146aaef1ba043542b3134c12489f553ca9a7435d1068aea
      url: "https://pub.dev"
    source: hosted
    version: "3.1.4"
  zoomable_positioned_list:
    dependency: "direct main"
    description:
      name: zoomable_positioned_list
      sha256: f17148ca7be6775131737b11ab738d059b845b7e3988d0095eb5b6e41c9023e4
      url: "https://pub.dev"
    source: hosted
    version: "1.1.0"
sdks:
  dart: ">=3.12.0 <4.0.0"
  flutter: ">=3.44.0"
